{
  "name": "final-project",
  "lockfileVersion": 3,
  "requires": true,
  "packages": {
    "": {
      "dependencies": {
        "imagekit-javascript": "^4.0.1"
      }
    },
    "node_modules/imagekit-javascript": {
      "version": "4.0.1",
      "resolved": "https://registry.npmjs.org/imagekit-javascript/-/imagekit-javascript-4.0.1.tgz",
      "integrity": "sha512-V3eVMz7OW8w8dSNJXPtVcWQMdV0P1wRs+Bftb2B1bKRl8NjOf+NGRWYb/meJlrmSL/HxT68PjM92/XFB+9ZfJA==",
      "license": "MIT"
    }
  }
}
